
Microsoft Visual Studio Solution File, Format Version 12.00
# Visual Studio 15
VisualStudioVersion = 15.0.26730.15
MinimumVisualStudioVersion = 10.0.40219.1
Project("{FAE04EC0-301F-11D3-BF4B-00C04F79EFBC}") = "CibertecPractica.Models", "CibertecPractica.Models\CibertecPractica.Models.csproj", "{63E205FE-8A49-41F0-9B61-60AA0F0C12B4}"
EndProject
Project("{FAE04EC0-301F-11D3-BF4B-00C04F79EFBC}") = "CibertecPractica.Repositories", "CibertecPractica.Repositories\CibertecPractica.Repositories.csproj", "{433EB411-F7F6-4C2F-AB98-1035D7DA2C58}"
EndProject
Project("{FAE04EC0-301F-11D3-BF4B-00C04F79EFBC}") = "CibertecPractica.RepositoriesDapper", "CibertecPractica.RepositoriesDapper\CibertecPractica.RepositoriesDapper.csproj", "{AB12F631-9486-4E41-AA0A-E03BA3C84E5E}"
EndProject
Project("{FAE04EC0-301F-11D3-BF4B-00C04F79EFBC}") = "CibertecPractica.RepositoriesEnityFramework", "CibertecPractica.RepositoriesEnityFramework\CibertecPractica.RepositoriesEnityFramework.csproj", "{C58318EC-A2AB-41FC-93CB-D5A2D9D70D1C}"
EndProject
Project("{FAE04EC0-301F-11D3-BF4B-00C04F79EFBC}") = "CibertecPractica.UnitOfWork", "CibertecPractica.UnitOfWork\CibertecPractica.UnitOfWork.csproj", "{CB60F5E7-5BA8-4405-A060-9B3412847AAF}"
EndProject
Project("{2150E333-8FDC-42A3-9474-1A3956D46DE8}") = "UnitTest", "UnitTest", "{12941528-55B4-4984-94BD-FBA4AD0D86DD}"
EndProject
Project("{FAE04EC0-301F-11D3-BF4B-00C04F79EFBC}") = "CibertecPractica.RepositoryDapperUnitTest", "CibertecPractica.RepositoryDapperUnitTest\CibertecPractica.RepositoryDapperUnitTest.csproj", "{371B96F4-F255-4921-890B-EC515E839A05}"
EndProject
Global
	GlobalSection(SolutionConfigurationPlatforms) = preSolution
		Debug|Any CPU = Debug|Any CPU
		Release|Any CPU = Release|Any CPU
	EndGlobalSection
	GlobalSection(ProjectConfigurationPlatforms) = postSolution
		{63E205FE-8A49-41F0-9B61-60AA0F0C12B4}.Debug|Any CPU.ActiveCfg = Debug|Any CPU
		{63E205FE-8A49-41F0-9B61-60AA0F0C12B4}.Debug|Any CPU.Build.0 = Debug|Any CPU
		{63E205FE-8A49-41F0-9B61-60AA0F0C12B4}.Release|Any CPU.ActiveCfg = Release|Any CPU
		{63E205FE-8A49-41F0-9B61-60AA0F0C12B4}.Release|Any CPU.Build.0 = Release|Any CPU
		{433EB411-F7F6-4C2F-AB98-1035D7DA2C58}.Debug|Any CPU.ActiveCfg = Debug|Any CPU
		{433EB411-F7F6-4C2F-AB98-1035D7DA2C58}.Debug|Any CPU.Build.0 = Debug|Any CPU
		{433EB411-F7F6-4C2F-AB98-1035D7DA2C58}.Release|Any CPU.ActiveCfg = Release|Any CPU
		{433EB411-F7F6-4C2F-AB98-1035D7DA2C58}.Release|Any CPU.Build.0 = Release|Any CPU
		{AB12F631-9486-4E41-AA0A-E03BA3C84E5E}.Debug|Any CPU.ActiveCfg = Debug|Any CPU
		{AB12F631-9486-4E41-AA0A-E03BA3C84E5E}.Debug|Any CPU.Build.0 = Debug|Any CPU
		{AB12F631-9486-4E41-AA0A-E03BA3C84E5E}.Release|Any CPU.ActiveCfg = Release|Any CPU
		{AB12F631-9486-4E41-AA0A-E03BA3C84E5E}.Release|Any CPU.Build.0 = Release|Any CPU
		{C58318EC-A2AB-41FC-93CB-D5A2D9D70D1C}.Debug|Any CPU.ActiveCfg = Debug|Any CPU
		{C58318EC-A2AB-41FC-93CB-D5A2D9D70D1C}.Debug|Any CPU.Build.0 = Debug|Any CPU
		{C58318EC-A2AB-41FC-93CB-D5A2D9D70D1C}.Release|Any CPU.ActiveCfg = Release|Any CPU
		{C58318EC-A2AB-41FC-93CB-D5A2D9D70D1C}.Release|Any CPU.Build.0 = Release|Any CPU
		{CB60F5E7-5BA8-4405-A060-9B3412847AAF}.Debug|Any CPU.ActiveCfg = Debug|Any CPU
		{CB60F5E7-5BA8-4405-A060-9B3412847AAF}.Debug|Any CPU.Build.0 = Debug|Any CPU
		{CB60F5E7-5BA8-4405-A060-9B3412847AAF}.Release|Any CPU.ActiveCfg = Release|Any CPU
		{CB60F5E7-5BA8-4405-A060-9B3412847AAF}.Release|Any CPU.Build.0 = Release|Any CPU
		{371B96F4-F255-4921-890B-EC515E839A05}.Debug|Any CPU.ActiveCfg = Debug|Any CPU
		{371B96F4-F255-4921-890B-EC515E839A05}.Debug|Any CPU.Build.0 = Debug|Any CPU
		{371B96F4-F255-4921-890B-EC515E839A05}.Release|Any CPU.ActiveCfg = Release|Any CPU
		{371B96F4-F255-4921-890B-EC515E839A05}.Release|Any CPU.Build.0 = Release|Any CPU
	EndGlobalSection
	GlobalSection(SolutionProperties) = preSolution
		HideSolutionNode = FALSE
	EndGlobalSection
	GlobalSection(NestedProjects) = preSolution
		{371B96F4-F255-4921-890B-EC515E839A05} = {12941528-55B4-4984-94BD-FBA4AD0D86DD}
	EndGlobalSection
	GlobalSection(ExtensibilityGlobals) = postSolution
		SolutionGuid = {C48CBE21-03A0-470C-B385-A348D719ABFA}
	EndGlobalSection
EndGlobal
